
Microsoft Visual Studio Solution File, Format Version 12.00
# Visual Studio Version 16
VisualStudioVersion = 16.0.29123.88
MinimumVisualStudioVersion = 10.0.40219.1
Project("{FAE04EC0-301F-11D3-BF4B-00C04F79EFBC}") = "Excel@PDF", "Excel@PDF\Excel@PDF.csproj", "{F60A2E9E-4944-4CA7-8100-B3EF7DC552D6}"
EndProject
Global
	GlobalSection(SolutionConfigurationPlatforms) = preSolution
		Debug|Any CPU = Debug|Any CPU
		Release|Any CPU = Release|Any CPU
	EndGlobalSection
	GlobalSection(ProjectConfigurationPlatforms) = postSolution
		{F60A2E9E-4944-4CA7-8100-B3EF7DC552D6}.Debug|Any CPU.ActiveCfg = Debug|Any CPU
		{F60A2E9E-4944-4CA7-8100-B3EF7DC552D6}.Debug|Any CPU.Build.0 = Debug|Any CPU
		{F60A2E9E-4944-4CA7-8100-B3EF7DC552D6}.Release|Any CPU.ActiveCfg = Release|Any CPU
		{F60A2E9E-4944-4CA7-8100-B3EF7DC552D6}.Release|Any CPU.Build.0 = Release|Any CPU
	EndGlobalSection
	GlobalSection(SolutionProperties) = preSolution
		HideSolutionNode = FALSE
	EndGlobalSection
	GlobalSection(ExtensibilityGlobals) = postSolution
		SolutionGuid = {8AF753BA-FF7D-4B82-815A-D617921072BD}
	EndGlobalSection
EndGlobal
